
Microsoft Visual Studio Solution File, Format Version 12.00
# Visual Studio Version 17
VisualStudioVersion = 17.0.31903.59
MinimumVisualStudioVersion = 10.0.40219.1
Project("{FAE04EC0-301F-11D3-BF4B-00C04F79EFBC}") = "BoletoAPI.API", "BoletoAPI.API\BoletoAPI.API.csproj", "{BB4876D0-B6E4-4075-A46A-801DEC32957D}"
EndProject
Project("{FAE04EC0-301F-11D3-BF4B-00C04F79EFBC}") = "BoletoAPI.Application", "BoletoAPI.Application\BoletoAPI.Application.csproj", "{45BE34C3-AA53-4779-BBFB-07D57C29FB3A}"
EndProject
Project("{FAE04EC0-301F-11D3-BF4B-00C04F79EFBC}") = "BoletoAPI.Domain", "BoletoAPI.Domain\BoletoAPI.Domain.csproj", "{8849503F-C7E7-4C5A-974F-8F572810CA97}"
EndProject
Project("{FAE04EC0-301F-11D3-BF4B-00C04F79EFBC}") = "BoletoAPI.Infrastructure", "BoletoAPI.Infrastructure\BoletoAPI.Infrastructure.csproj", "{D6031209-96EA-457E-9CCB-6430F4017B80}"
EndProject
Global
	GlobalSection(SolutionConfigurationPlatforms) = preSolution
		Debug|Any CPU = Debug|Any CPU
		Release|Any CPU = Release|Any CPU
	EndGlobalSection
	GlobalSection(SolutionProperties) = preSolution
		HideSolutionNode = FALSE
	EndGlobalSection
	GlobalSection(ProjectConfigurationPlatforms) = postSolution
		{BB4876D0-B6E4-4075-A46A-801DEC32957D}.Debug|Any CPU.ActiveCfg = Debug|Any CPU
		{BB4876D0-B6E4-4075-A46A-801DEC32957D}.Debug|Any CPU.Build.0 = Debug|Any CPU
		{BB4876D0-B6E4-4075-A46A-801DEC32957D}.Release|Any CPU.ActiveCfg = Release|Any CPU
		{BB4876D0-B6E4-4075-A46A-801DEC32957D}.Release|Any CPU.Build.0 = Release|Any CPU
		{45BE34C3-AA53-4779-BBFB-07D57C29FB3A}.Debug|Any CPU.ActiveCfg = Debug|Any CPU
		{45BE34C3-AA53-4779-BBFB-07D57C29FB3A}.Debug|Any CPU.Build.0 = Debug|Any CPU
		{45BE34C3-AA53-4779-BBFB-07D57C29FB3A}.Release|Any CPU.ActiveCfg = Release|Any CPU
		{45BE34C3-AA53-4779-BBFB-07D57C29FB3A}.Release|Any CPU.Build.0 = Release|Any CPU
		{8849503F-C7E7-4C5A-974F-8F572810CA97}.Debug|Any CPU.ActiveCfg = Debug|Any CPU
		{8849503F-C7E7-4C5A-974F-8F572810CA97}.Debug|Any CPU.Build.0 = Debug|Any CPU
		{8849503F-C7E7-4C5A-974F-8F572810CA97}.Release|Any CPU.ActiveCfg = Release|Any CPU
		{8849503F-C7E7-4C5A-974F-8F572810CA97}.Release|Any CPU.Build.0 = Release|Any CPU
		{D6031209-96EA-457E-9CCB-6430F4017B80}.Debug|Any CPU.ActiveCfg = Debug|Any CPU
		{D6031209-96EA-457E-9CCB-6430F4017B80}.Debug|Any CPU.Build.0 = Debug|Any CPU
		{D6031209-96EA-457E-9CCB-6430F4017B80}.Release|Any CPU.ActiveCfg = Release|Any CPU
		{D6031209-96EA-457E-9CCB-6430F4017B80}.Release|Any CPU.Build.0 = Release|Any CPU
	EndGlobalSection
EndGlobal
